// !$*UTF8*$!
{
	archiveVersion = 1;
	classes = {
	};
	objectVersion = 56;
	objects = {

/* Begin PBXBuildFile section */
		EEFE487628E33002004D4513 /* GymVisualizerApp.swift in Sources */ = {isa = PBXBuildFile; fileRef = EEFE487528E33002004D4513 /* GymVisualizerApp.swift */; };
		EEFE487828E33002004D4513 /* ExerciseView.swift in Sources */ = {isa = PBXBuildFile; fileRef = EEFE487728E33002004D4513 /* ExerciseView.swift */; };
		EEFE487A28E33003004D4513 /* Assets.xcassets in Resources */ = {isa = PBXBuildFile; fileRef = EEFE487928E33003004D4513 /* Assets.xcassets */; };
		EEFE487D28E33003004D4513 /* Preview Assets.xcassets in Resources */ = {isa = PBXBuildFile; fileRef = EEFE487C28E33003004D4513 /* Preview Assets.xcassets */; };
		EEFE487F28E33003004D4513 /* Persistence.swift in Sources */ = {isa = PBXBuildFile; fileRef = EEFE487E28E33003004D4513 /* Persistence.swift */; };
		EEFE488228E33003004D4513 /* GymVisualizer.xcdatamodeld in Sources */ = {isa = PBXBuildFile; fileRef = EEFE488028E33003004D4513 /* GymVisualizer.xcdatamodeld */; };
		EEFE488D28E33AF6004D4513 /* ExerciseViewCell.swift in Sources */ = {isa = PBXBuildFile; fileRef = EEFE488C28E33AF6004D4513 /* ExerciseViewCell.swift */; };
		EEFE488F28E33C0A004D4513 /* AddExerciseView.swift in Sources */ = {isa = PBXBuildFile; fileRef = EEFE488E28E33C0A004D4513 /* AddExerciseView.swift */; };
		EEFE489128E33F3C004D4513 /* UpdateExerciseView.swift in Sources */ = {isa = PBXBuildFile; fileRef = EEFE489028E33F3C004D4513 /* UpdateExerciseView.swift */; };
/* End PBXBuildFile section */

/* Begin PBXFileReference section */
		EEFE487228E33002004D4513 /* GymVisualizer.app */ = {isa = PBXFileReference; explicitFileType = wrapper.application; includeInIndex = 0; path = GymVisualizer.app; sourceTree = BUILT_PRODUCTS_DIR; };
		EEFE487528E33002004D4513 /* GymVisualizerApp.swift */ = {isa = PBXFileReference; lastKnownFileType = sourcecode.swift; path = GymVisualizerApp.swift; sourceTree = "<group>"; };
		EEFE487728E33002004D4513 /* ExerciseView.swift */ = {isa = PBXFileReference; lastKnownFileType = sourcecode.swift; path = ExerciseView.swift; sourceTree = "<group>"; };
		EEFE487928E33003004D4513 /* Assets.xcassets */ = {isa = PBXFileReference; lastKnownFileType = folder.assetcatalog; path = Assets.xcassets; sourceTree = "<group>"; };
		EEFE487C28E33003004D4513 /* Preview Assets.xcassets */ = {isa = PBXFileReference; lastKnownFileType = folder.assetcatalog; path = "Preview Assets.xcassets"; sourceTree = "<group>"; };
		EEFE487E28E33003004D4513 /* Persistence.swift */ = {isa = PBXFileReference; lastKnownFileType = sourcecode.swift; path = Persistence.swift; sourceTree = "<group>"; };
		EEFE488128E33003004D4513 /* GymVisualizer.xcdatamodel */ = {isa = PBXFileReference; lastKnownFileType = wrapper.xcdatamodel; path = GymVisualizer.xcdatamodel; sourceTree = "<group>"; };
		EEFE488C28E33AF6004D4513 /* ExerciseViewCell.swift */ = {isa = PBXFileReference; lastKnownFileType = sourcecode.swift; path = ExerciseViewCell.swift; sourceTree = "<group>"; };
		EEFE488E28E33C0A004D4513 /* AddExerciseView.swift */ = {isa = PBXFileReference; lastKnownFileType = sourcecode.swift; path = AddExerciseView.swift; sourceTree = "<group>"; };
		EEFE489028E33F3C004D4513 /* UpdateExerciseView.swift */ = {isa = PBXFileReference; lastKnownFileType = sourcecode.swift; path = UpdateExerciseView.swift; sourceTree = "<group>"; };
/* End PBXFileReference section */

/* Begin PBXFrameworksBuildPhase section */
		EEFE486F28E33002004D4513 /* Frameworks */ = {
			isa = PBXFrameworksBuildPhase;
			buildActionMask = 2147483647;
			files = (
			);
			runOnlyForDeploymentPostprocessing = 0;
		};
/* End PBXFrameworksBuildPhase section */

/* Begin PBXGroup section */
		EEFE486928E33002004D4513 = {
			isa = PBXGroup;
			children = (
				EEFE487428E33002004D4513 /* GymVisualizer */,
				EEFE487328E33002004D4513 /* Products */,
			);
			sourceTree = "<group>";
		};
		EEFE487328E33002004D4513 /* Products */ = {
			isa = PBXGroup;
			children = (
				EEFE487228E33002004D4513 /* GymVisualizer.app */,
			);
			name = Products;
			sourceTree = "<group>";
		};
		EEFE487428E33002004D4513 /* GymVisualizer */ = {
			isa = PBXGroup;
			children = (
				EEFE487528E33002004D4513 /* GymVisualizerApp.swift */,
				EEFE489528E36591004D4513 /* Routine */,
				EEFE489428E35C93004D4513 /* Exercise */,
				EEFE487728E33002004D4513 /* ExerciseView.swift */,
				EEFE488C28E33AF6004D4513 /* ExerciseViewCell.swift */,
				EEFE488E28E33C0A004D4513 /* AddExerciseView.swift */,
				EEFE489028E33F3C004D4513 /* UpdateExerciseView.swift */,
				EEFE487928E33003004D4513 /* Assets.xcassets */,
				EEFE487E28E33003004D4513 /* Persistence.swift */,
				EEFE488028E33003004D4513 /* GymVisualizer.xcdatamodeld */,
				EEFE487B28E33003004D4513 /* Preview Content */,
			);
			path = GymVisualizer;
			sourceTree = "<group>";
		};
		EEFE487B28E33003004D4513 /* Preview Content */ = {
			isa = PBXGroup;
			children = (
				EEFE487C28E33003004D4513 /* Preview Assets.xcassets */,
			);
			path = "Preview Content";
			sourceTree = "<group>";
		};
		EEFE489428E35C93004D4513 /* Exercise */ = {
			isa = PBXGroup;
			children = (
			);
			path = Exercise;
			sourceTree = "<group>";
		};
		EEFE489528E36591004D4513 /* Routine */ = {
			isa = PBXGroup;
			children = (
			);
			path = Routine;
			sourceTree = "<group>";
		};
/* End PBXGroup section */

/* Begin PBXNativeTarget section */
		EEFE487128E33002004D4513 /* GymVisualizer */ = {
			isa = PBXNativeTarget;
			buildConfigurationList = EEFE488528E33003004D4513 /* Build configuration list for PBXNativeTarget "GymVisualizer" */;
			buildPhases = (
				EEFE486E28E33002004D4513 /* Sources */,
				EEFE486F28E33002004D4513 /* Frameworks */,
				EEFE487028E33002004D4513 /* Resources */,
			);
			buildRules = (
			);
			dependencies = (
			);
			name = GymVisualizer;
			productName = GymVisualizer;
			productReference = EEFE487228E33002004D4513 /* GymVisualizer.app */;
			productType = "com.apple.product-type.application";
		};
/* End PBXNativeTarget section */

/* Begin PBXProject section */
		EEFE486A28E33002004D4513 /* Project object */ = {
			isa = PBXProject;
			attributes = {
				BuildIndependentTargetsInParallel = 1;
				LastSwiftUpdateCheck = 1400;
				LastUpgradeCheck = 1400;
				TargetAttributes = {
					EEFE487128E33002004D4513 = {
						CreatedOnToolsVersion = 14.0;
					};
				};
			};
			buildConfigurationList = EEFE486D28E33002004D4513 /* Build configuration list for PBXProject "GymVisualizer" */;
			compatibilityVersion = "Xcode 14.0";
			developmentRegion = en;
			hasScannedForEncodings = 0;
			knownRegions = (
				en,
				Base,
			);
			mainGroup = EEFE486928E33002004D4513;
			productRefGroup = EEFE487328E33002004D4513 /* Products */;
			projectDirPath = "";
			projectRoot = "";
			targets = (
				EEFE487128E33002004D4513 /* GymVisualizer */,
			);
		};
/* End PBXProject section */

/* Begin PBXResourcesBuildPhase section */
		EEFE487028E33002004D4513 /* Resources */ = {
			isa = PBXResourcesBuildPhase;
			buildActionMask = 2147483647;
			files = (
				EEFE487D28E33003004D4513 /* Preview Assets.xcassets in Resources */,
				EEFE487A28E33003004D4513 /* Assets.xcassets in Resources */,
			);
			runOnlyForDeploymentPostprocessing = 0;
		};
/* End PBXResourcesBuildPhase section */

/* Begin PBXSourcesBuildPhase section */
		EEFE486E28E33002004D4513 /* Sources */ = {
			isa = PBXSourcesBuildPhase;
			buildActionMask = 2147483647;
			files = (
				EEFE488D28E33AF6004D4513 /* ExerciseViewCell.swift in Sources */,
				EEFE487F28E33003004D4513 /* Persistence.swift in Sources */,
				EEFE488228E33003004D4513 /* GymVisualizer.xcdatamodeld in Sources */,
				EEFE487828E33002004D4513 /* ExerciseView.swift in Sources */,
				EEFE489128E33F3C004D4513 /* UpdateExerciseView.swift in Sources */,
				EEFE488F28E33C0A004D4513 /* AddExerciseView.swift in Sources */,
				EEFE487628E33002004D4513 /* GymVisualizerApp.swift in Sources */,
			);
			runOnlyForDeploymentPostprocessing = 0;
		};
/* End PBXSourcesBuildPhase section */

/* Begin XCBuildConfiguration section */
		EEFE488328E33003004D4513 /* Debug */ = {
			isa = XCBuildConfiguration;
			buildSettings = {
				ALWAYS_SEARCH_USER_PATHS = NO;
				CLANG_ANALYZER_NONNULL = YES;
				CLANG_ANALYZER_NUMBER_OBJECT_CONVERSION = YES_AGGRESSIVE;
				CLANG_CXX_LANGUAGE_STANDARD = "gnu++20";
				CLANG_ENABLE_MODULES = YES;
				CLANG_ENABLE_OBJC_ARC = YES;
				CLANG_ENABLE_OBJC_WEAK = YES;
				CLANG_WARN_BLOCK_CAPTURE_AUTORELEASING = YES;
				CLANG_WARN_BOOL_CONVERSION = YES;
				CLANG_WARN_COMMA = YES;
				CLANG_WARN_CONSTANT_CONVERSION = YES;
				CLANG_WARN_DEPRECATED_OBJC_IMPLEMENTATIONS = YES;
				CLANG_WARN_DIRECT_OBJC_ISA_USAGE = YES_ERROR;
				CLANG_WARN_DOCUMENTATION_COMMENTS = YES;
				CLANG_WARN_EMPTY_BODY = YES;
				CLANG_WARN_ENUM_CONVERSION = YES;
				CLANG_WARN_INFINITE_RECURSION = YES;
				CLANG_WARN_INT_CONVERSION = YES;
				CLANG_WARN_NON_LITERAL_NULL_CONVERSION = YES;
				CLANG_WARN_OBJC_IMPLICIT_RETAIN_SELF = YES;
				CLANG_WARN_OBJC_LITERAL_CONVERSION = YES;
				CLANG_WARN_OBJC_ROOT_CLASS = YES_ERROR;
				CLANG_WARN_QUOTED_INCLUDE_IN_FRAMEWORK_HEADER = YES;
				CLANG_WARN_RANGE_LOOP_ANALYSIS = YES;
				CLANG_WARN_STRICT_PROTOTYPES = YES;
				CLANG_WARN_SUSPICIOUS_MOVE = YES;
				CLANG_WARN_UNGUARDED_AVAILABILITY = YES_AGGRESSIVE;
				CLANG_WARN_UNREACHABLE_CODE = YES;
				CLANG_WARN__DUPLICATE_METHOD_MATCH = YES;
				COPY_PHASE_STRIP = NO;
				DEBUG_INFORMATION_FORMAT = dwarf;
				ENABLE_STRICT_OBJC_MSGSEND = YES;
				ENABLE_TESTABILITY = YES;
				GCC_C_LANGUAGE_STANDARD = gnu11;
				GCC_DYNAMIC_NO_PIC = NO;
				GCC_NO_COMMON_BLOCKS = YES;
				GCC_OPTIMIZATION_LEVEL = 0;
				GCC_PREPROCESSOR_DEFINITIONS = (
					"DEBUG=1",
					"$(inherited)",
				);
				GCC_WARN_64_TO_32_BIT_CONVERSION = YES;
				GCC_WARN_ABOUT_RETURN_TYPE = YES_ERROR;
				GCC_WARN_UNDECLARED_SELECTOR = YES;
				GCC_WARN_UNINITIALIZED_AUTOS = YES_AGGRESSIVE;
				GCC_WARN_UNUSED_FUNCTION = YES;
				GCC_WARN_UNUSED_VARIABLE = YES;
				IPHONEOS_DEPLOYMENT_TARGET = 16.0;
				MTL_ENABLE_DEBUG_INFO = INCLUDE_SOURCE;
				MTL_FAST_MATH = YES;
				ONLY_ACTIVE_ARCH = YES;
				SDKROOT = iphoneos;
				SWIFT_ACTIVE_COMPILATION_CONDITIONS = DEBUG;
				SWIFT_OPTIMIZATION_LEVEL = "-Onone";
			};
			name = Debug;
		};
		EEFE488428E33003004D4513 /* Release */ = {
			isa = XCBuildConfiguration;
			buildSettings = {
				ALWAYS_SEARCH_USER_PATHS = NO;
				CLANG_ANALYZER_NONNULL = YES;
				CLANG_ANALYZER_NUMBER_OBJECT_CONVERSION = YES_AGGRESSIVE;
				CLANG_CXX_LANGUAGE_STANDARD = "gnu++20";
				CLANG_ENABLE_MODULES = YES;
				CLANG_ENABLE_OBJC_ARC = YES;
				CLANG_ENABLE_OBJC_WEAK = YES;
				CLANG_WARN_BLOCK_CAPTURE_AUTORELEASING = YES;
				CLANG_WARN_BOOL_CONVERSION = YES;
				CLANG_WARN_COMMA = YES;
				CLANG_WARN_CONSTANT_CONVERSION = YES;
				CLANG_WARN_DEPRECATED_OBJC_IMPLEMENTATIONS = YES;
				CLANG_WARN_DIRECT_OBJC_ISA_USAGE = YES_ERROR;
				CLANG_WARN_DOCUMENTATION_COMMENTS = YES;
				CLANG_WARN_EMPTY_BODY = YES;
				CLANG_WARN_ENUM_CONVERSION = YES;
				CLANG_WARN_INFINITE_RECURSION = YES;
				CLANG_WARN_INT_CONVERSION = YES;
				CLANG_WARN_NON_LITERAL_NULL_CONVERSION = YES;
				CLANG_WARN_OBJC_IMPLICIT_RETAIN_SELF = YES;
				CLANG_WARN_OBJC_LITERAL_CONVERSION = YES;
				CLANG_WARN_OBJC_ROOT_CLASS = YES_ERROR;
				CLANG_WARN_QUOTED_INCLUDE_IN_FRAMEWORK_HEADER = YES;
				CLANG_WARN_RANGE_LOOP_ANALYSIS = YES;
				CLANG_WARN_STRICT_PROTOTYPES = YES;
				CLANG_WARN_SUSPICIOUS_MOVE = YES;
				CLANG_WARN_UNGUARDED_AVAILABILITY = YES_AGGRESSIVE;
				CLANG_WARN_UNREACHABLE_CODE = YES;
				CLANG_WARN__DUPLICATE_METHOD_MATCH = YES;
				COPY_PHASE_STRIP = NO;
				DEBUG_INFORMATION_FORMAT = "dwarf-with-dsym";
				ENABLE_NS_ASSERTIONS = NO;
				ENABLE_STRICT_OBJC_MSGSEND = YES;
				GCC_C_LANGUAGE_STANDARD = gnu11;
				GCC_NO_COMMON_BLOCKS = YES;
				GCC_WARN_64_TO_32_BIT_CONVERSION = YES;
				GCC_WARN_ABOUT_RETURN_TYPE = YES_ERROR;
				GCC_WARN_UNDECLARED_SELECTOR = YES;
				GCC_WARN_UNINITIALIZED_AUTOS = YES_AGGRESSIVE;
				GCC_WARN_UNUSED_FUNCTION = YES;
				GCC_WARN_UNUSED_VARIABLE = YES;
				IPHONEOS_DEPLOYMENT_TARGET = 16.0;
				MTL_ENABLE_DEBUG_INFO = NO;
				MTL_FAST_MATH = YES;
				SDKROOT = iphoneos;
				SWIFT_COMPILATION_MODE = wholemodule;
				SWIFT_OPTIMIZATION_LEVEL = "-O";
				VALIDATE_PRODUCT = YES;
			};
			name = Release;
		};
		EEFE488628E33003004D4513 /* Debug */ = {
			isa = XCBuildConfiguration;
			buildSettings = {
				ASSETCATALOG_COMPILER_APPICON_NAME = AppIcon;
				ASSETCATALOG_COMPILER_GLOBAL_ACCENT_COLOR_NAME = AccentColor;
				CODE_SIGN_STYLE = Automatic;
				CURRENT_PROJECT_VERSION = 1;
				DEVELOPMENT_ASSET_PATHS = "\"GymVisualizer/Preview Content\"";
				DEVELOPMENT_TEAM = MXSWN6Q9F5;
				ENABLE_PREVIEWS = YES;
				GENERATE_INFOPLIST_FILE = YES;
				INFOPLIST_KEY_UIApplicationSceneManifest_Generation = YES;
				INFOPLIST_KEY_UIApplicationSupportsIndirectInputEvents = YES;
				INFOPLIST_KEY_UILaunchScreen_Generation = YES;
				INFOPLIST_KEY_UISupportedInterfaceOrientations_iPad = "UIInterfaceOrientationPortrait UIInterfaceOrientationPortraitUpsideDown UIInterfaceOrientationLandscapeLeft UIInterfaceOrientationLandscapeRight";
				INFOPLIST_KEY_UISupportedInterfaceOrientations_iPhone = "UIInterfaceOrientationPortrait UIInterfaceOrientationLandscapeLeft UIInterfaceOrientationLandscapeRight";
				LD_RUNPATH_SEARCH_PATHS = (
					"$(inherited)",
					"@executable_path/Frameworks",
				);
				MARKETING_VERSION = 1.0;
				PRODUCT_BUNDLE_IDENTIFIER = myself.GymVisualizer;
				PRODUCT_NAME = "$(TARGET_NAME)";
				SWIFT_EMIT_LOC_STRINGS = YES;
				SWIFT_VERSION = 5.0;
				TARGETED_DEVICE_FAMILY = "1,2";
			};
			name = Debug;
		};
		EEFE488728E33003004D4513 /* Release */ = {
			isa = XCBuildConfiguration;
			buildSettings = {
				ASSETCATALOG_COMPILER_APPICON_NAME = AppIcon;
				ASSETCATALOG_COMPILER_GLOBAL_ACCENT_COLOR_NAME = AccentColor;
				CODE_SIGN_STYLE = Automatic;
				CURRENT_PROJECT_VERSION = 1;
				DEVELOPMENT_ASSET_PATHS = "\"GymVisualizer/Preview Content\"";
				DEVELOPMENT_TEAM = MXSWN6Q9F5;
				ENABLE_PREVIEWS = YES;
				GENERATE_INFOPLIST_FILE = YES;
				INFOPLIST_KEY_UIApplicationSceneManifest_Generation = YES;
				INFOPLIST_KEY_UIApplicationSupportsIndirectInputEvents = YES;
				INFOPLIST_KEY_UILaunchScreen_Generation = YES;
				INFOPLIST_KEY_UISupportedInterfaceOrientations_iPad = "UIInterfaceOrientationPortrait UIInterfaceOrientationPortraitUpsideDown UIInterfaceOrientationLandscapeLeft UIInterfaceOrientationLandscapeRight";
				INFOPLIST_KEY_UISupportedInterfaceOrientations_iPhone = "UIInterfaceOrientationPortrait UIInterfaceOrientationLandscapeLeft UIInterfaceOrientationLandscapeRight";
				LD_RUNPATH_SEARCH_PATHS = (
					"$(inherited)",
					"@executable_path/Frameworks",
				);
				MARKETING_VERSION = 1.0;
				PRODUCT_BUNDLE_IDENTIFIER = myself.GymVisualizer;
				PRODUCT_NAME = "$(TARGET_NAME)";
				SWIFT_EMIT_LOC_STRINGS = YES;
				SWIFT_VERSION = 5.0;
				TARGETED_DEVICE_FAMILY = "1,2";
			};
			name = Release;
		};
/* End XCBuildConfiguration section */

/* Begin XCConfigurationList section */
		EEFE486D28E33002004D4513 /* Build configuration list for PBXProject "GymVisualizer" */ = {
			isa = XCConfigurationList;
			buildConfigurations = (
				EEFE488328E33003004D4513 /* Debug */,
				EEFE488428E33003004D4513 /* Release */,
			);
			defaultConfigurationIsVisible = 0;
			defaultConfigurationName = Release;
		};
		EEFE488528E33003004D4513 /* Build configuration list for PBXNativeTarget "GymVisualizer" */ = {
			isa = XCConfigurationList;
			buildConfigurations = (
				EEFE488628E33003004D4513 /* Debug */,
				EEFE488728E33003004D4513 /* Release */,
			);
			defaultConfigurationIsVisible = 0;
			defaultConfigurationName = Release;
		};
/* End XCConfigurationList section */

/* Begin XCVersionGroup section */
		EEFE488028E33003004D4513 /* GymVisualizer.xcdatamodeld */ = {
			isa = XCVersionGroup;
			children = (
				EEFE488128E33003004D4513 /* GymVisualizer.xcdatamodel */,
			);
			currentVersion = EEFE488128E33003004D4513 /* GymVisualizer.xcdatamodel */;
			path = GymVisualizer.xcdatamodeld;
			sourceTree = "<group>";
			versionGroupType = wrapper.xcdatamodel;
		};
/* End XCVersionGroup section */
	};
	rootObject = EEFE486A28E33002004D4513 /* Project object */;
}
